
Microsoft Visual Studio Solution File, Format Version 12.00
# Visual Studio Version 17
VisualStudioVersion = 17.14.36429.23 d17.14
MinimumVisualStudioVersion = 10.0.40219.1
Project("{FAE04EC0-301F-11D3-BF4B-00C04F79EFBC}") = "bookweb", "bookweb\bookweb.csproj", "{FFCC52EF-92D0-426E-B803-A549A6B242DA}"
EndProject
Global
	GlobalSection(SolutionConfigurationPlatforms) = preSolution
		Debug|Any CPU = Debug|Any CPU
		Release|Any CPU = Release|Any CPU
	EndGlobalSection
	GlobalSection(ProjectConfigurationPlatforms) = postSolution
		{FFCC52EF-92D0-426E-B803-A549A6B242DA}.Debug|Any CPU.ActiveCfg = Debug|Any CPU
		{FFCC52EF-92D0-426E-B803-A549A6B242DA}.Debug|Any CPU.Build.0 = Debug|Any CPU
		{FFCC52EF-92D0-426E-B803-A549A6B242DA}.Release|Any CPU.ActiveCfg = Release|Any CPU
		{FFCC52EF-92D0-426E-B803-A549A6B242DA}.Release|Any CPU.Build.0 = Release|Any CPU
	EndGlobalSection
	GlobalSection(SolutionProperties) = preSolution
		HideSolutionNode = FALSE
	EndGlobalSection
	GlobalSection(ExtensibilityGlobals) = postSolution
		SolutionGuid = {63C2F038-3AAF-413E-92F9-2ED76FE7CB94}
	EndGlobalSection
EndGlobal
