
Microsoft Visual Studio Solution File, Format Version 12.00
# Visual Studio Version 17
VisualStudioVersion = 17.14.36429.23 d17.14
MinimumVisualStudioVersion = 10.0.40219.1
Project("{FAE04EC0-301F-11D3-BF4B-00C04F79EFBC}") = "WebApplication2", "WebApplication2\WebApplication2.csproj", "{BBF422C0-DD61-492D-BB4E-0D9864274F7A}"
EndProject
Global
	GlobalSection(SolutionConfigurationPlatforms) = preSolution
		Debug|Any CPU = Debug|Any CPU
		Release|Any CPU = Release|Any CPU
	EndGlobalSection
	GlobalSection(ProjectConfigurationPlatforms) = postSolution
		{BBF422C0-DD61-492D-BB4E-0D9864274F7A}.Debug|Any CPU.ActiveCfg = Debug|Any CPU
		{BBF422C0-DD61-492D-BB4E-0D9864274F7A}.Debug|Any CPU.Build.0 = Debug|Any CPU
		{BBF422C0-DD61-492D-BB4E-0D9864274F7A}.Release|Any CPU.ActiveCfg = Release|Any CPU
		{BBF422C0-DD61-492D-BB4E-0D9864274F7A}.Release|Any CPU.Build.0 = Release|Any CPU
	EndGlobalSection
	GlobalSection(SolutionProperties) = preSolution
		HideSolutionNode = FALSE
	EndGlobalSection
	GlobalSection(ExtensibilityGlobals) = postSolution
		SolutionGuid = {8BD2082E-945E-4A84-A98B-842D82E352F3}
	EndGlobalSection
EndGlobal
