
Microsoft Visual Studio Solution File, Format Version 12.00
# Visual Studio Version 17
VisualStudioVersion = 17.14.36429.23 d17.14
MinimumVisualStudioVersion = 10.0.40219.1
Project("{FAE04EC0-301F-11D3-BF4B-00C04F79EFBC}") = "book1", "book1\book1.csproj", "{F73CDB98-CD2D-49FF-B5EE-672CE9647569}"
EndProject
Global
	GlobalSection(SolutionConfigurationPlatforms) = preSolution
		Debug|Any CPU = Debug|Any CPU
		Release|Any CPU = Release|Any CPU
	EndGlobalSection
	GlobalSection(ProjectConfigurationPlatforms) = postSolution
		{F73CDB98-CD2D-49FF-B5EE-672CE9647569}.Debug|Any CPU.ActiveCfg = Debug|Any CPU
		{F73CDB98-CD2D-49FF-B5EE-672CE9647569}.Debug|Any CPU.Build.0 = Debug|Any CPU
		{F73CDB98-CD2D-49FF-B5EE-672CE9647569}.Release|Any CPU.ActiveCfg = Release|Any CPU
		{F73CDB98-CD2D-49FF-B5EE-672CE9647569}.Release|Any CPU.Build.0 = Release|Any CPU
	EndGlobalSection
	GlobalSection(SolutionProperties) = preSolution
		HideSolutionNode = FALSE
	EndGlobalSection
	GlobalSection(ExtensibilityGlobals) = postSolution
		SolutionGuid = {35BBBD4F-AE35-4580-A93C-338A6BAD271D}
	EndGlobalSection
EndGlobal
